
Microsoft Visual Studio Solution File, Format Version 12.00
# Visual Studio Version 17
Project("{2150E333-8FDC-42A3-9474-1A3956D46DE8}") = "cmake", "cmake", "{8722690C-9682-3094-A427-73A8F4997F2D}"
EndProject
Project("{2150E333-8FDC-42A3-9474-1A3956D46DE8}") = "glslang", "glslang", "{63CC8009-49AE-35D0-B3B0-53522E3BFF41}"
EndProject
Project("{2150E333-8FDC-42A3-9474-1A3956D46DE8}") = "libncnn", "libncnn", "{B1797E7E-53AE-3775-BE01-A42CA35009CD}"
EndProject
Project("{8BC9CEB8-8B4A-11D0-8D11-00A0C91BC942}") = "ALL_BUILD", "ALL_BUILD.vcxproj", "{B6065A01-E2C1-3B0A-A467-78258DE44E1D}"
	ProjectSection(ProjectDependencies) = postProject
		{87CC99E1-470C-328A-AEE0-8936E715822B} = {87CC99E1-470C-328A-AEE0-8936E715822B}
		{221F0869-BF7A-3E29-9CD7-82C68E6B73DD} = {221F0869-BF7A-3E29-9CD7-82C68E6B73DD}
		{CC5DA3FA-CEA1-36FE-BB5C-C7562B89E5C7} = {CC5DA3FA-CEA1-36FE-BB5C-C7562B89E5C7}
		{730B48A0-2AC3-3716-BF38-D9395F9AB9D4} = {730B48A0-2AC3-3716-BF38-D9395F9AB9D4}
		{B38545BE-F539-3D0A-8054-6C9A1EA992FA} = {B38545BE-F539-3D0A-8054-6C9A1EA992FA}
		{D7AEBEB1-7202-329B-9F05-7E06407477D8} = {D7AEBEB1-7202-329B-9F05-7E06407477D8}
		{84F99926-1F10-3470-AFCB-01274A00BB2E} = {84F99926-1F10-3470-AFCB-01274A00BB2E}
		{D142EC3A-44C7-3CD5-8108-059119A0BA08} = {D142EC3A-44C7-3CD5-8108-059119A0BA08}
		{0B0E1546-EF55-37BF-80B7-29CD75DCE09D} = {0B0E1546-EF55-37BF-80B7-29CD75DCE09D}
		{0A177BC4-4AF4-3E9B-BDDB-B54AB7BCA8B2} = {0A177BC4-4AF4-3E9B-BDDB-B54AB7BCA8B2}
		{F6A695E5-366D-39E3-9776-D74236079109} = {F6A695E5-366D-39E3-9776-D74236079109}
		{098990E0-5DF0-3AC4-ABDD-E4E451912175} = {098990E0-5DF0-3AC4-ABDD-E4E451912175}
		{C3D427F9-C963-3A5D-A899-83FBC8F49B91} = {C3D427F9-C963-3A5D-A899-83FBC8F49B91}
		{0F6A9407-3643-3246-8FA7-E15CED861E46} = {0F6A9407-3643-3246-8FA7-E15CED861E46}
		{10FC8BAB-9DFF-31C7-9847-25B694664CBB} = {10FC8BAB-9DFF-31C7-9847-25B694664CBB}
		{1E0D111D-026C-3191-85AF-AF3A6C2852B3} = {1E0D111D-026C-3191-85AF-AF3A6C2852B3}
		{E379F799-5EB2-3B97-BD25-CFF1BD90DF7A} = {E379F799-5EB2-3B97-BD25-CFF1BD90DF7A}
		{1C1CC30C-AE8F-3843-8D21-C5E90359EE88} = {1C1CC30C-AE8F-3843-8D21-C5E90359EE88}
	EndProjectSection
EndProject
Project("{8BC9CEB8-8B4A-11D0-8D11-00A0C91BC942}") = "GenericCodeGen", "ncnn\glslang\glslang\GenericCodeGen.vcxproj", "{87CC99E1-470C-328A-AEE0-8936E715822B}"
	ProjectSection(ProjectDependencies) = postProject
		{D7AEBEB1-7202-329B-9F05-7E06407477D8} = {D7AEBEB1-7202-329B-9F05-7E06407477D8}
	EndProjectSection
EndProject
Project("{8BC9CEB8-8B4A-11D0-8D11-00A0C91BC942}") = "INSTALL", "INSTALL.vcxproj", "{129A725E-67CD-33AB-8D98-7C47A456863C}"
	ProjectSection(ProjectDependencies) = postProject
		{B6065A01-E2C1-3B0A-A467-78258DE44E1D} = {B6065A01-E2C1-3B0A-A467-78258DE44E1D}
		{D7AEBEB1-7202-329B-9F05-7E06407477D8} = {D7AEBEB1-7202-329B-9F05-7E06407477D8}
	EndProjectSection
EndProject
Project("{8BC9CEB8-8B4A-11D0-8D11-00A0C91BC942}") = "MachineIndependent", "ncnn\glslang\glslang\MachineIndependent.vcxproj", "{221F0869-BF7A-3E29-9CD7-82C68E6B73DD}"
	ProjectSection(ProjectDependencies) = postProject
		{87CC99E1-470C-328A-AEE0-8936E715822B} = {87CC99E1-470C-328A-AEE0-8936E715822B}
		{CC5DA3FA-CEA1-36FE-BB5C-C7562B89E5C7} = {CC5DA3FA-CEA1-36FE-BB5C-C7562B89E5C7}
		{730B48A0-2AC3-3716-BF38-D9395F9AB9D4} = {730B48A0-2AC3-3716-BF38-D9395F9AB9D4}
		{D7AEBEB1-7202-329B-9F05-7E06407477D8} = {D7AEBEB1-7202-329B-9F05-7E06407477D8}
	EndProjectSection
EndProject
Project("{8BC9CEB8-8B4A-11D0-8D11-00A0C91BC942}") = "OGLCompiler", "ncnn\glslang\OGLCompilersDLL\OGLCompiler.vcxproj", "{CC5DA3FA-CEA1-36FE-BB5C-C7562B89E5C7}"
	ProjectSection(ProjectDependencies) = postProject
		{D7AEBEB1-7202-329B-9F05-7E06407477D8} = {D7AEBEB1-7202-329B-9F05-7E06407477D8}
	EndProjectSection
EndProject
Project("{8BC9CEB8-8B4A-11D0-8D11-00A0C91BC942}") = "OSDependent", "ncnn\glslang\glslang\OSDependent\Windows\OSDependent.vcxproj", "{730B48A0-2AC3-3716-BF38-D9395F9AB9D4}"
	ProjectSection(ProjectDependencies) = postProject
		{D7AEBEB1-7202-329B-9F05-7E06407477D8} = {D7AEBEB1-7202-329B-9F05-7E06407477D8}
	EndProjectSection
EndProject
Project("{8BC9CEB8-8B4A-11D0-8D11-00A0C91BC942}") = "SPIRV", "ncnn\glslang\SPIRV\SPIRV.vcxproj", "{B38545BE-F539-3D0A-8054-6C9A1EA992FA}"
	ProjectSection(ProjectDependencies) = postProject
		{87CC99E1-470C-328A-AEE0-8936E715822B} = {87CC99E1-470C-328A-AEE0-8936E715822B}
		{221F0869-BF7A-3E29-9CD7-82C68E6B73DD} = {221F0869-BF7A-3E29-9CD7-82C68E6B73DD}
		{CC5DA3FA-CEA1-36FE-BB5C-C7562B89E5C7} = {CC5DA3FA-CEA1-36FE-BB5C-C7562B89E5C7}
		{730B48A0-2AC3-3716-BF38-D9395F9AB9D4} = {730B48A0-2AC3-3716-BF38-D9395F9AB9D4}
		{D7AEBEB1-7202-329B-9F05-7E06407477D8} = {D7AEBEB1-7202-329B-9F05-7E06407477D8}
	EndProjectSection
EndProject
Project("{8BC9CEB8-8B4A-11D0-8D11-00A0C91BC942}") = "ZERO_CHECK", "ZERO_CHECK.vcxproj", "{D7AEBEB1-7202-329B-9F05-7E06407477D8}"
	ProjectSection(ProjectDependencies) = postProject
	EndProjectSection
EndProject
Project("{8BC9CEB8-8B4A-11D0-8D11-00A0C91BC942}") = "cain-ncnn-vulkan", "cain-ncnn-vulkan.vcxproj", "{84F99926-1F10-3470-AFCB-01274A00BB2E}"
	ProjectSection(ProjectDependencies) = postProject
		{87CC99E1-470C-328A-AEE0-8936E715822B} = {87CC99E1-470C-328A-AEE0-8936E715822B}
		{221F0869-BF7A-3E29-9CD7-82C68E6B73DD} = {221F0869-BF7A-3E29-9CD7-82C68E6B73DD}
		{CC5DA3FA-CEA1-36FE-BB5C-C7562B89E5C7} = {CC5DA3FA-CEA1-36FE-BB5C-C7562B89E5C7}
		{730B48A0-2AC3-3716-BF38-D9395F9AB9D4} = {730B48A0-2AC3-3716-BF38-D9395F9AB9D4}
		{B38545BE-F539-3D0A-8054-6C9A1EA992FA} = {B38545BE-F539-3D0A-8054-6C9A1EA992FA}
		{D7AEBEB1-7202-329B-9F05-7E06407477D8} = {D7AEBEB1-7202-329B-9F05-7E06407477D8}
		{505A9DE2-905C-374C-A9C4-9C217869BA10} = {505A9DE2-905C-374C-A9C4-9C217869BA10}
		{D142EC3A-44C7-3CD5-8108-059119A0BA08} = {D142EC3A-44C7-3CD5-8108-059119A0BA08}
		{0B0E1546-EF55-37BF-80B7-29CD75DCE09D} = {0B0E1546-EF55-37BF-80B7-29CD75DCE09D}
		{0A177BC4-4AF4-3E9B-BDDB-B54AB7BCA8B2} = {0A177BC4-4AF4-3E9B-BDDB-B54AB7BCA8B2}
	EndProjectSection
EndProject
Project("{8BC9CEB8-8B4A-11D0-8D11-00A0C91BC942}") = "generate-spirv", "generate-spirv.vcxproj", "{505A9DE2-905C-374C-A9C4-9C217869BA10}"
	ProjectSection(ProjectDependencies) = postProject
		{D7AEBEB1-7202-329B-9F05-7E06407477D8} = {D7AEBEB1-7202-329B-9F05-7E06407477D8}
	EndProjectSection
EndProject
Project("{8BC9CEB8-8B4A-11D0-8D11-00A0C91BC942}") = "glslang", "ncnn\glslang\glslang\glslang.vcxproj", "{D142EC3A-44C7-3CD5-8108-059119A0BA08}"
	ProjectSection(ProjectDependencies) = postProject
		{87CC99E1-470C-328A-AEE0-8936E715822B} = {87CC99E1-470C-328A-AEE0-8936E715822B}
		{221F0869-BF7A-3E29-9CD7-82C68E6B73DD} = {221F0869-BF7A-3E29-9CD7-82C68E6B73DD}
		{CC5DA3FA-CEA1-36FE-BB5C-C7562B89E5C7} = {CC5DA3FA-CEA1-36FE-BB5C-C7562B89E5C7}
		{730B48A0-2AC3-3716-BF38-D9395F9AB9D4} = {730B48A0-2AC3-3716-BF38-D9395F9AB9D4}
		{D7AEBEB1-7202-329B-9F05-7E06407477D8} = {D7AEBEB1-7202-329B-9F05-7E06407477D8}
	EndProjectSection
EndProject
Project("{8BC9CEB8-8B4A-11D0-8D11-00A0C91BC942}") = "ncnn", "ncnn\src\ncnn.vcxproj", "{0B0E1546-EF55-37BF-80B7-29CD75DCE09D}"
	ProjectSection(ProjectDependencies) = postProject
		{87CC99E1-470C-328A-AEE0-8936E715822B} = {87CC99E1-470C-328A-AEE0-8936E715822B}
		{221F0869-BF7A-3E29-9CD7-82C68E6B73DD} = {221F0869-BF7A-3E29-9CD7-82C68E6B73DD}
		{CC5DA3FA-CEA1-36FE-BB5C-C7562B89E5C7} = {CC5DA3FA-CEA1-36FE-BB5C-C7562B89E5C7}
		{730B48A0-2AC3-3716-BF38-D9395F9AB9D4} = {730B48A0-2AC3-3716-BF38-D9395F9AB9D4}
		{B38545BE-F539-3D0A-8054-6C9A1EA992FA} = {B38545BE-F539-3D0A-8054-6C9A1EA992FA}
		{D7AEBEB1-7202-329B-9F05-7E06407477D8} = {D7AEBEB1-7202-329B-9F05-7E06407477D8}
		{D142EC3A-44C7-3CD5-8108-059119A0BA08} = {D142EC3A-44C7-3CD5-8108-059119A0BA08}
		{E0A491C7-D153-3C1F-B0E5-6DD267B42781} = {E0A491C7-D153-3C1F-B0E5-6DD267B42781}
	EndProjectSection
EndProject
Project("{8BC9CEB8-8B4A-11D0-8D11-00A0C91BC942}") = "ncnn-generate-spirv", "ncnn\src\ncnn-generate-spirv.vcxproj", "{E0A491C7-D153-3C1F-B0E5-6DD267B42781}"
	ProjectSection(ProjectDependencies) = postProject
		{D7AEBEB1-7202-329B-9F05-7E06407477D8} = {D7AEBEB1-7202-329B-9F05-7E06407477D8}
	EndProjectSection
EndProject
Project("{8BC9CEB8-8B4A-11D0-8D11-00A0C91BC942}") = "webp", "libwebp\webp.vcxproj", "{0A177BC4-4AF4-3E9B-BDDB-B54AB7BCA8B2}"
	ProjectSection(ProjectDependencies) = postProject
		{D7AEBEB1-7202-329B-9F05-7E06407477D8} = {D7AEBEB1-7202-329B-9F05-7E06407477D8}
		{F6A695E5-366D-39E3-9776-D74236079109} = {F6A695E5-366D-39E3-9776-D74236079109}
		{0F6A9407-3643-3246-8FA7-E15CED861E46} = {0F6A9407-3643-3246-8FA7-E15CED861E46}
		{1E0D111D-026C-3191-85AF-AF3A6C2852B3} = {1E0D111D-026C-3191-85AF-AF3A6C2852B3}
		{E379F799-5EB2-3B97-BD25-CFF1BD90DF7A} = {E379F799-5EB2-3B97-BD25-CFF1BD90DF7A}
	EndProjectSection
EndProject
Project("{8BC9CEB8-8B4A-11D0-8D11-00A0C91BC942}") = "webpdecode", "libwebp\webpdecode.vcxproj", "{F6A695E5-366D-39E3-9776-D74236079109}"
	ProjectSection(ProjectDependencies) = postProject
		{D7AEBEB1-7202-329B-9F05-7E06407477D8} = {D7AEBEB1-7202-329B-9F05-7E06407477D8}
	EndProjectSection
EndProject
Project("{8BC9CEB8-8B4A-11D0-8D11-00A0C91BC942}") = "webpdecoder", "libwebp\webpdecoder.vcxproj", "{098990E0-5DF0-3AC4-ABDD-E4E451912175}"
	ProjectSection(ProjectDependencies) = postProject
		{D7AEBEB1-7202-329B-9F05-7E06407477D8} = {D7AEBEB1-7202-329B-9F05-7E06407477D8}
		{F6A695E5-366D-39E3-9776-D74236079109} = {F6A695E5-366D-39E3-9776-D74236079109}
		{10FC8BAB-9DFF-31C7-9847-25B694664CBB} = {10FC8BAB-9DFF-31C7-9847-25B694664CBB}
		{1C1CC30C-AE8F-3843-8D21-C5E90359EE88} = {1C1CC30C-AE8F-3843-8D21-C5E90359EE88}
	EndProjectSection
EndProject
Project("{8BC9CEB8-8B4A-11D0-8D11-00A0C91BC942}") = "webpdemux", "libwebp\webpdemux.vcxproj", "{C3D427F9-C963-3A5D-A899-83FBC8F49B91}"
	ProjectSection(ProjectDependencies) = postProject
		{D7AEBEB1-7202-329B-9F05-7E06407477D8} = {D7AEBEB1-7202-329B-9F05-7E06407477D8}
		{0A177BC4-4AF4-3E9B-BDDB-B54AB7BCA8B2} = {0A177BC4-4AF4-3E9B-BDDB-B54AB7BCA8B2}
	EndProjectSection
EndProject
Project("{8BC9CEB8-8B4A-11D0-8D11-00A0C91BC942}") = "webpdsp", "libwebp\webpdsp.vcxproj", "{0F6A9407-3643-3246-8FA7-E15CED861E46}"
	ProjectSection(ProjectDependencies) = postProject
		{D7AEBEB1-7202-329B-9F05-7E06407477D8} = {D7AEBEB1-7202-329B-9F05-7E06407477D8}
	EndProjectSection
EndProject
Project("{8BC9CEB8-8B4A-11D0-8D11-00A0C91BC942}") = "webpdspdecode", "libwebp\webpdspdecode.vcxproj", "{10FC8BAB-9DFF-31C7-9847-25B694664CBB}"
	ProjectSection(ProjectDependencies) = postProject
		{D7AEBEB1-7202-329B-9F05-7E06407477D8} = {D7AEBEB1-7202-329B-9F05-7E06407477D8}
	EndProjectSection
EndProject
Project("{8BC9CEB8-8B4A-11D0-8D11-00A0C91BC942}") = "webpencode", "libwebp\webpencode.vcxproj", "{1E0D111D-026C-3191-85AF-AF3A6C2852B3}"
	ProjectSection(ProjectDependencies) = postProject
		{D7AEBEB1-7202-329B-9F05-7E06407477D8} = {D7AEBEB1-7202-329B-9F05-7E06407477D8}
	EndProjectSection
EndProject
Project("{8BC9CEB8-8B4A-11D0-8D11-00A0C91BC942}") = "webputils", "libwebp\webputils.vcxproj", "{E379F799-5EB2-3B97-BD25-CFF1BD90DF7A}"
	ProjectSection(ProjectDependencies) = postProject
		{D7AEBEB1-7202-329B-9F05-7E06407477D8} = {D7AEBEB1-7202-329B-9F05-7E06407477D8}
	EndProjectSection
EndProject
Project("{8BC9CEB8-8B4A-11D0-8D11-00A0C91BC942}") = "webputilsdecode", "libwebp\webputilsdecode.vcxproj", "{1C1CC30C-AE8F-3843-8D21-C5E90359EE88}"
	ProjectSection(ProjectDependencies) = postProject
		{D7AEBEB1-7202-329B-9F05-7E06407477D8} = {D7AEBEB1-7202-329B-9F05-7E06407477D8}
	EndProjectSection
EndProject
Global
	GlobalSection(SolutionConfigurationPlatforms) = preSolution
		Debug|x64 = Debug|x64
		Release|x64 = Release|x64
		MinSizeRel|x64 = MinSizeRel|x64
		RelWithDebInfo|x64 = RelWithDebInfo|x64
	EndGlobalSection
	GlobalSection(ProjectConfigurationPlatforms) = postSolution
		{B6065A01-E2C1-3B0A-A467-78258DE44E1D}.Debug|x64.ActiveCfg = Debug|x64
		{B6065A01-E2C1-3B0A-A467-78258DE44E1D}.Debug|x64.Build.0 = Debug|x64
		{B6065A01-E2C1-3B0A-A467-78258DE44E1D}.Release|x64.ActiveCfg = Release|x64
		{B6065A01-E2C1-3B0A-A467-78258DE44E1D}.Release|x64.Build.0 = Release|x64
		{B6065A01-E2C1-3B0A-A467-78258DE44E1D}.MinSizeRel|x64.ActiveCfg = MinSizeRel|x64
		{B6065A01-E2C1-3B0A-A467-78258DE44E1D}.MinSizeRel|x64.Build.0 = MinSizeRel|x64
		{B6065A01-E2C1-3B0A-A467-78258DE44E1D}.RelWithDebInfo|x64.ActiveCfg = RelWithDebInfo|x64
		{B6065A01-E2C1-3B0A-A467-78258DE44E1D}.RelWithDebInfo|x64.Build.0 = RelWithDebInfo|x64
		{87CC99E1-470C-328A-AEE0-8936E715822B}.Debug|x64.ActiveCfg = Debug|x64
		{87CC99E1-470C-328A-AEE0-8936E715822B}.Debug|x64.Build.0 = Debug|x64
		{87CC99E1-470C-328A-AEE0-8936E715822B}.Release|x64.ActiveCfg = Release|x64
		{87CC99E1-470C-328A-AEE0-8936E715822B}.Release|x64.Build.0 = Release|x64
		{87CC99E1-470C-328A-AEE0-8936E715822B}.MinSizeRel|x64.ActiveCfg = MinSizeRel|x64
		{87CC99E1-470C-328A-AEE0-8936E715822B}.MinSizeRel|x64.Build.0 = MinSizeRel|x64
		{87CC99E1-470C-328A-AEE0-8936E715822B}.RelWithDebInfo|x64.ActiveCfg = RelWithDebInfo|x64
		{87CC99E1-470C-328A-AEE0-8936E715822B}.RelWithDebInfo|x64.Build.0 = RelWithDebInfo|x64
		{129A725E-67CD-33AB-8D98-7C47A456863C}.Debug|x64.ActiveCfg = Debug|x64
		{129A725E-67CD-33AB-8D98-7C47A456863C}.Release|x64.ActiveCfg = Release|x64
		{129A725E-67CD-33AB-8D98-7C47A456863C}.MinSizeRel|x64.ActiveCfg = MinSizeRel|x64
		{129A725E-67CD-33AB-8D98-7C47A456863C}.RelWithDebInfo|x64.ActiveCfg = RelWithDebInfo|x64
		{221F0869-BF7A-3E29-9CD7-82C68E6B73DD}.Debug|x64.ActiveCfg = Debug|x64
		{221F0869-BF7A-3E29-9CD7-82C68E6B73DD}.Debug|x64.Build.0 = Debug|x64
		{221F0869-BF7A-3E29-9CD7-82C68E6B73DD}.Release|x64.ActiveCfg = Release|x64
		{221F0869-BF7A-3E29-9CD7-82C68E6B73DD}.Release|x64.Build.0 = Release|x64
		{221F0869-BF7A-3E29-9CD7-82C68E6B73DD}.MinSizeRel|x64.ActiveCfg = MinSizeRel|x64
		{221F0869-BF7A-3E29-9CD7-82C68E6B73DD}.MinSizeRel|x64.Build.0 = MinSizeRel|x64
		{221F0869-BF7A-3E29-9CD7-82C68E6B73DD}.RelWithDebInfo|x64.ActiveCfg = RelWithDebInfo|x64
		{221F0869-BF7A-3E29-9CD7-82C68E6B73DD}.RelWithDebInfo|x64.Build.0 = RelWithDebInfo|x64
		{CC5DA3FA-CEA1-36FE-BB5C-C7562B89E5C7}.Debug|x64.ActiveCfg = Debug|x64
		{CC5DA3FA-CEA1-36FE-BB5C-C7562B89E5C7}.Debug|x64.Build.0 = Debug|x64
		{CC5DA3FA-CEA1-36FE-BB5C-C7562B89E5C7}.Release|x64.ActiveCfg = Release|x64
		{CC5DA3FA-CEA1-36FE-BB5C-C7562B89E5C7}.Release|x64.Build.0 = Release|x64
		{CC5DA3FA-CEA1-36FE-BB5C-C7562B89E5C7}.MinSizeRel|x64.ActiveCfg = MinSizeRel|x64
		{CC5DA3FA-CEA1-36FE-BB5C-C7562B89E5C7}.MinSizeRel|x64.Build.0 = MinSizeRel|x64
		{CC5DA3FA-CEA1-36FE-BB5C-C7562B89E5C7}.RelWithDebInfo|x64.ActiveCfg = RelWithDebInfo|x64
		{CC5DA3FA-CEA1-36FE-BB5C-C7562B89E5C7}.RelWithDebInfo|x64.Build.0 = RelWithDebInfo|x64
		{730B48A0-2AC3-3716-BF38-D9395F9AB9D4}.Debug|x64.ActiveCfg = Debug|x64
		{730B48A0-2AC3-3716-BF38-D9395F9AB9D4}.Debug|x64.Build.0 = Debug|x64
		{730B48A0-2AC3-3716-BF38-D9395F9AB9D4}.Release|x64.ActiveCfg = Release|x64
		{730B48A0-2AC3-3716-BF38-D9395F9AB9D4}.Release|x64.Build.0 = Release|x64
		{730B48A0-2AC3-3716-BF38-D9395F9AB9D4}.MinSizeRel|x64.ActiveCfg = MinSizeRel|x64
		{730B48A0-2AC3-3716-BF38-D9395F9AB9D4}.MinSizeRel|x64.Build.0 = MinSizeRel|x64
		{730B48A0-2AC3-3716-BF38-D9395F9AB9D4}.RelWithDebInfo|x64.ActiveCfg = RelWithDebInfo|x64
		{730B48A0-2AC3-3716-BF38-D9395F9AB9D4}.RelWithDebInfo|x64.Build.0 = RelWithDebInfo|x64
		{B38545BE-F539-3D0A-8054-6C9A1EA992FA}.Debug|x64.ActiveCfg = Debug|x64
		{B38545BE-F539-3D0A-8054-6C9A1EA992FA}.Debug|x64.Build.0 = Debug|x64
		{B38545BE-F539-3D0A-8054-6C9A1EA992FA}.Release|x64.ActiveCfg = Release|x64
		{B38545BE-F539-3D0A-8054-6C9A1EA992FA}.Release|x64.Build.0 = Release|x64
		{B38545BE-F539-3D0A-8054-6C9A1EA992FA}.MinSizeRel|x64.ActiveCfg = MinSizeRel|x64
		{B38545BE-F539-3D0A-8054-6C9A1EA992FA}.MinSizeRel|x64.Build.0 = MinSizeRel|x64
		{B38545BE-F539-3D0A-8054-6C9A1EA992FA}.RelWithDebInfo|x64.ActiveCfg = RelWithDebInfo|x64
		{B38545BE-F539-3D0A-8054-6C9A1EA992FA}.RelWithDebInfo|x64.Build.0 = RelWithDebInfo|x64
		{D7AEBEB1-7202-329B-9F05-7E06407477D8}.Debug|x64.ActiveCfg = Debug|x64
		{D7AEBEB1-7202-329B-9F05-7E06407477D8}.Debug|x64.Build.0 = Debug|x64
		{D7AEBEB1-7202-329B-9F05-7E06407477D8}.Release|x64.ActiveCfg = Release|x64
		{D7AEBEB1-7202-329B-9F05-7E06407477D8}.Release|x64.Build.0 = Release|x64
		{D7AEBEB1-7202-329B-9F05-7E06407477D8}.MinSizeRel|x64.ActiveCfg = MinSizeRel|x64
		{D7AEBEB1-7202-329B-9F05-7E06407477D8}.MinSizeRel|x64.Build.0 = MinSizeRel|x64
		{D7AEBEB1-7202-329B-9F05-7E06407477D8}.RelWithDebInfo|x64.ActiveCfg = RelWithDebInfo|x64
		{D7AEBEB1-7202-329B-9F05-7E06407477D8}.RelWithDebInfo|x64.Build.0 = RelWithDebInfo|x64
		{84F99926-1F10-3470-AFCB-01274A00BB2E}.Debug|x64.ActiveCfg = Debug|x64
		{84F99926-1F10-3470-AFCB-01274A00BB2E}.Debug|x64.Build.0 = Debug|x64
		{84F99926-1F10-3470-AFCB-01274A00BB2E}.Release|x64.ActiveCfg = Release|x64
		{84F99926-1F10-3470-AFCB-01274A00BB2E}.Release|x64.Build.0 = Release|x64
		{84F99926-1F10-3470-AFCB-01274A00BB2E}.MinSizeRel|x64.ActiveCfg = MinSizeRel|x64
		{84F99926-1F10-3470-AFCB-01274A00BB2E}.MinSizeRel|x64.Build.0 = MinSizeRel|x64
		{84F99926-1F10-3470-AFCB-01274A00BB2E}.RelWithDebInfo|x64.ActiveCfg = RelWithDebInfo|x64
		{84F99926-1F10-3470-AFCB-01274A00BB2E}.RelWithDebInfo|x64.Build.0 = RelWithDebInfo|x64
		{505A9DE2-905C-374C-A9C4-9C217869BA10}.Debug|x64.ActiveCfg = Debug|x64
		{505A9DE2-905C-374C-A9C4-9C217869BA10}.Debug|x64.Build.0 = Debug|x64
		{505A9DE2-905C-374C-A9C4-9C217869BA10}.Release|x64.ActiveCfg = Release|x64
		{505A9DE2-905C-374C-A9C4-9C217869BA10}.Release|x64.Build.0 = Release|x64
		{505A9DE2-905C-374C-A9C4-9C217869BA10}.MinSizeRel|x64.ActiveCfg = MinSizeRel|x64
		{505A9DE2-905C-374C-A9C4-9C217869BA10}.MinSizeRel|x64.Build.0 = MinSizeRel|x64
		{505A9DE2-905C-374C-A9C4-9C217869BA10}.RelWithDebInfo|x64.ActiveCfg = RelWithDebInfo|x64
		{505A9DE2-905C-374C-A9C4-9C217869BA10}.RelWithDebInfo|x64.Build.0 = RelWithDebInfo|x64
		{D142EC3A-44C7-3CD5-8108-059119A0BA08}.Debug|x64.ActiveCfg = Debug|x64
		{D142EC3A-44C7-3CD5-8108-059119A0BA08}.Debug|x64.Build.0 = Debug|x64
		{D142EC3A-44C7-3CD5-8108-059119A0BA08}.Release|x64.ActiveCfg = Release|x64
		{D142EC3A-44C7-3CD5-8108-059119A0BA08}.Release|x64.Build.0 = Release|x64
		{D142EC3A-44C7-3CD5-8108-059119A0BA08}.MinSizeRel|x64.ActiveCfg = MinSizeRel|x64
		{D142EC3A-44C7-3CD5-8108-059119A0BA08}.MinSizeRel|x64.Build.0 = MinSizeRel|x64
		{D142EC3A-44C7-3CD5-8108-059119A0BA08}.RelWithDebInfo|x64.ActiveCfg = RelWithDebInfo|x64
		{D142EC3A-44C7-3CD5-8108-059119A0BA08}.RelWithDebInfo|x64.Build.0 = RelWithDebInfo|x64
		{0B0E1546-EF55-37BF-80B7-29CD75DCE09D}.Debug|x64.ActiveCfg = Debug|x64
		{0B0E1546-EF55-37BF-80B7-29CD75DCE09D}.Debug|x64.Build.0 = Debug|x64
		{0B0E1546-EF55-37BF-80B7-29CD75DCE09D}.Release|x64.ActiveCfg = Release|x64
		{0B0E1546-EF55-37BF-80B7-29CD75DCE09D}.Release|x64.Build.0 = Release|x64
		{0B0E1546-EF55-37BF-80B7-29CD75DCE09D}.MinSizeRel|x64.ActiveCfg = MinSizeRel|x64
		{0B0E1546-EF55-37BF-80B7-29CD75DCE09D}.MinSizeRel|x64.Build.0 = MinSizeRel|x64
		{0B0E1546-EF55-37BF-80B7-29CD75DCE09D}.RelWithDebInfo|x64.ActiveCfg = RelWithDebInfo|x64
		{0B0E1546-EF55-37BF-80B7-29CD75DCE09D}.RelWithDebInfo|x64.Build.0 = RelWithDebInfo|x64
		{E0A491C7-D153-3C1F-B0E5-6DD267B42781}.Debug|x64.ActiveCfg = Debug|x64
		{E0A491C7-D153-3C1F-B0E5-6DD267B42781}.Debug|x64.Build.0 = Debug|x64
		{E0A491C7-D153-3C1F-B0E5-6DD267B42781}.Release|x64.ActiveCfg = Release|x64
		{E0A491C7-D153-3C1F-B0E5-6DD267B42781}.Release|x64.Build.0 = Release|x64
		{E0A491C7-D153-3C1F-B0E5-6DD267B42781}.MinSizeRel|x64.ActiveCfg = MinSizeRel|x64
		{E0A491C7-D153-3C1F-B0E5-6DD267B42781}.MinSizeRel|x64.Build.0 = MinSizeRel|x64
		{E0A491C7-D153-3C1F-B0E5-6DD267B42781}.RelWithDebInfo|x64.ActiveCfg = RelWithDebInfo|x64
		{E0A491C7-D153-3C1F-B0E5-6DD267B42781}.RelWithDebInfo|x64.Build.0 = RelWithDebInfo|x64
		{0A177BC4-4AF4-3E9B-BDDB-B54AB7BCA8B2}.Debug|x64.ActiveCfg = Debug|x64
		{0A177BC4-4AF4-3E9B-BDDB-B54AB7BCA8B2}.Debug|x64.Build.0 = Debug|x64
		{0A177BC4-4AF4-3E9B-BDDB-B54AB7BCA8B2}.Release|x64.ActiveCfg = Release|x64
		{0A177BC4-4AF4-3E9B-BDDB-B54AB7BCA8B2}.Release|x64.Build.0 = Release|x64
		{0A177BC4-4AF4-3E9B-BDDB-B54AB7BCA8B2}.MinSizeRel|x64.ActiveCfg = MinSizeRel|x64
		{0A177BC4-4AF4-3E9B-BDDB-B54AB7BCA8B2}.MinSizeRel|x64.Build.0 = MinSizeRel|x64
		{0A177BC4-4AF4-3E9B-BDDB-B54AB7BCA8B2}.RelWithDebInfo|x64.ActiveCfg = RelWithDebInfo|x64
		{0A177BC4-4AF4-3E9B-BDDB-B54AB7BCA8B2}.RelWithDebInfo|x64.Build.0 = RelWithDebInfo|x64
		{F6A695E5-366D-39E3-9776-D74236079109}.Debug|x64.ActiveCfg = Debug|x64
		{F6A695E5-366D-39E3-9776-D74236079109}.Debug|x64.Build.0 = Debug|x64
		{F6A695E5-366D-39E3-9776-D74236079109}.Release|x64.ActiveCfg = Release|x64
		{F6A695E5-366D-39E3-9776-D74236079109}.Release|x64.Build.0 = Release|x64
		{F6A695E5-366D-39E3-9776-D74236079109}.MinSizeRel|x64.ActiveCfg = MinSizeRel|x64
		{F6A695E5-366D-39E3-9776-D74236079109}.MinSizeRel|x64.Build.0 = MinSizeRel|x64
		{F6A695E5-366D-39E3-9776-D74236079109}.RelWithDebInfo|x64.ActiveCfg = RelWithDebInfo|x64
		{F6A695E5-366D-39E3-9776-D74236079109}.RelWithDebInfo|x64.Build.0 = RelWithDebInfo|x64
		{098990E0-5DF0-3AC4-ABDD-E4E451912175}.Debug|x64.ActiveCfg = Debug|x64
		{098990E0-5DF0-3AC4-ABDD-E4E451912175}.Debug|x64.Build.0 = Debug|x64
		{098990E0-5DF0-3AC4-ABDD-E4E451912175}.Release|x64.ActiveCfg = Release|x64
		{098990E0-5DF0-3AC4-ABDD-E4E451912175}.Release|x64.Build.0 = Release|x64
		{098990E0-5DF0-3AC4-ABDD-E4E451912175}.MinSizeRel|x64.ActiveCfg = MinSizeRel|x64
		{098990E0-5DF0-3AC4-ABDD-E4E451912175}.MinSizeRel|x64.Build.0 = MinSizeRel|x64
		{098990E0-5DF0-3AC4-ABDD-E4E451912175}.RelWithDebInfo|x64.ActiveCfg = RelWithDebInfo|x64
		{098990E0-5DF0-3AC4-ABDD-E4E451912175}.RelWithDebInfo|x64.Build.0 = RelWithDebInfo|x64
		{C3D427F9-C963-3A5D-A899-83FBC8F49B91}.Debug|x64.ActiveCfg = Debug|x64
		{C3D427F9-C963-3A5D-A899-83FBC8F49B91}.Debug|x64.Build.0 = Debug|x64
		{C3D427F9-C963-3A5D-A899-83FBC8F49B91}.Release|x64.ActiveCfg = Release|x64
		{C3D427F9-C963-3A5D-A899-83FBC8F49B91}.Release|x64.Build.0 = Release|x64
		{C3D427F9-C963-3A5D-A899-83FBC8F49B91}.MinSizeRel|x64.ActiveCfg = MinSizeRel|x64
		{C3D427F9-C963-3A5D-A899-83FBC8F49B91}.MinSizeRel|x64.Build.0 = MinSizeRel|x64
		{C3D427F9-C963-3A5D-A899-83FBC8F49B91}.RelWithDebInfo|x64.ActiveCfg = RelWithDebInfo|x64
		{C3D427F9-C963-3A5D-A899-83FBC8F49B91}.RelWithDebInfo|x64.Build.0 = RelWithDebInfo|x64
		{0F6A9407-3643-3246-8FA7-E15CED861E46}.Debug|x64.ActiveCfg = Debug|x64
		{0F6A9407-3643-3246-8FA7-E15CED861E46}.Debug|x64.Build.0 = Debug|x64
		{0F6A9407-3643-3246-8FA7-E15CED861E46}.Release|x64.ActiveCfg = Release|x64
		{0F6A9407-3643-3246-8FA7-E15CED861E46}.Release|x64.Build.0 = Release|x64
		{0F6A9407-3643-3246-8FA7-E15CED861E46}.MinSizeRel|x64.ActiveCfg = MinSizeRel|x64
		{0F6A9407-3643-3246-8FA7-E15CED861E46}.MinSizeRel|x64.Build.0 = MinSizeRel|x64
		{0F6A9407-3643-3246-8FA7-E15CED861E46}.RelWithDebInfo|x64.ActiveCfg = RelWithDebInfo|x64
		{0F6A9407-3643-3246-8FA7-E15CED861E46}.RelWithDebInfo|x64.Build.0 = RelWithDebInfo|x64
		{10FC8BAB-9DFF-31C7-9847-25B694664CBB}.Debug|x64.ActiveCfg = Debug|x64
		{10FC8BAB-9DFF-31C7-9847-25B694664CBB}.Debug|x64.Build.0 = Debug|x64
		{10FC8BAB-9DFF-31C7-9847-25B694664CBB}.Release|x64.ActiveCfg = Release|x64
		{10FC8BAB-9DFF-31C7-9847-25B694664CBB}.Release|x64.Build.0 = Release|x64
		{10FC8BAB-9DFF-31C7-9847-25B694664CBB}.MinSizeRel|x64.ActiveCfg = MinSizeRel|x64
		{10FC8BAB-9DFF-31C7-9847-25B694664CBB}.MinSizeRel|x64.Build.0 = MinSizeRel|x64
		{10FC8BAB-9DFF-31C7-9847-25B694664CBB}.RelWithDebInfo|x64.ActiveCfg = RelWithDebInfo|x64
		{10FC8BAB-9DFF-31C7-9847-25B694664CBB}.RelWithDebInfo|x64.Build.0 = RelWithDebInfo|x64
		{1E0D111D-026C-3191-85AF-AF3A6C2852B3}.Debug|x64.ActiveCfg = Debug|x64
		{1E0D111D-026C-3191-85AF-AF3A6C2852B3}.Debug|x64.Build.0 = Debug|x64
		{1E0D111D-026C-3191-85AF-AF3A6C2852B3}.Release|x64.ActiveCfg = Release|x64
		{1E0D111D-026C-3191-85AF-AF3A6C2852B3}.Release|x64.Build.0 = Release|x64
		{1E0D111D-026C-3191-85AF-AF3A6C2852B3}.MinSizeRel|x64.ActiveCfg = MinSizeRel|x64
		{1E0D111D-026C-3191-85AF-AF3A6C2852B3}.MinSizeRel|x64.Build.0 = MinSizeRel|x64
		{1E0D111D-026C-3191-85AF-AF3A6C2852B3}.RelWithDebInfo|x64.ActiveCfg = RelWithDebInfo|x64
		{1E0D111D-026C-3191-85AF-AF3A6C2852B3}.RelWithDebInfo|x64.Build.0 = RelWithDebInfo|x64
		{E379F799-5EB2-3B97-BD25-CFF1BD90DF7A}.Debug|x64.ActiveCfg = Debug|x64
		{E379F799-5EB2-3B97-BD25-CFF1BD90DF7A}.Debug|x64.Build.0 = Debug|x64
		{E379F799-5EB2-3B97-BD25-CFF1BD90DF7A}.Release|x64.ActiveCfg = Release|x64
		{E379F799-5EB2-3B97-BD25-CFF1BD90DF7A}.Release|x64.Build.0 = Release|x64
		{E379F799-5EB2-3B97-BD25-CFF1BD90DF7A}.MinSizeRel|x64.ActiveCfg = MinSizeRel|x64
		{E379F799-5EB2-3B97-BD25-CFF1BD90DF7A}.MinSizeRel|x64.Build.0 = MinSizeRel|x64
		{E379F799-5EB2-3B97-BD25-CFF1BD90DF7A}.RelWithDebInfo|x64.ActiveCfg = RelWithDebInfo|x64
		{E379F799-5EB2-3B97-BD25-CFF1BD90DF7A}.RelWithDebInfo|x64.Build.0 = RelWithDebInfo|x64
		{1C1CC30C-AE8F-3843-8D21-C5E90359EE88}.Debug|x64.ActiveCfg = Debug|x64
		{1C1CC30C-AE8F-3843-8D21-C5E90359EE88}.Debug|x64.Build.0 = Debug|x64
		{1C1CC30C-AE8F-3843-8D21-C5E90359EE88}.Release|x64.ActiveCfg = Release|x64
		{1C1CC30C-AE8F-3843-8D21-C5E90359EE88}.Release|x64.Build.0 = Release|x64
		{1C1CC30C-AE8F-3843-8D21-C5E90359EE88}.MinSizeRel|x64.ActiveCfg = MinSizeRel|x64
		{1C1CC30C-AE8F-3843-8D21-C5E90359EE88}.MinSizeRel|x64.Build.0 = MinSizeRel|x64
		{1C1CC30C-AE8F-3843-8D21-C5E90359EE88}.RelWithDebInfo|x64.ActiveCfg = RelWithDebInfo|x64
		{1C1CC30C-AE8F-3843-8D21-C5E90359EE88}.RelWithDebInfo|x64.Build.0 = RelWithDebInfo|x64
	EndGlobalSection
	GlobalSection(NestedProjects) = preSolution
		{B6065A01-E2C1-3B0A-A467-78258DE44E1D} = {8722690C-9682-3094-A427-73A8F4997F2D}
		{129A725E-67CD-33AB-8D98-7C47A456863C} = {8722690C-9682-3094-A427-73A8F4997F2D}
		{D7AEBEB1-7202-329B-9F05-7E06407477D8} = {8722690C-9682-3094-A427-73A8F4997F2D}
		{87CC99E1-470C-328A-AEE0-8936E715822B} = {63CC8009-49AE-35D0-B3B0-53522E3BFF41}
		{221F0869-BF7A-3E29-9CD7-82C68E6B73DD} = {63CC8009-49AE-35D0-B3B0-53522E3BFF41}
		{CC5DA3FA-CEA1-36FE-BB5C-C7562B89E5C7} = {63CC8009-49AE-35D0-B3B0-53522E3BFF41}
		{730B48A0-2AC3-3716-BF38-D9395F9AB9D4} = {63CC8009-49AE-35D0-B3B0-53522E3BFF41}
		{B38545BE-F539-3D0A-8054-6C9A1EA992FA} = {63CC8009-49AE-35D0-B3B0-53522E3BFF41}
		{D142EC3A-44C7-3CD5-8108-059119A0BA08} = {63CC8009-49AE-35D0-B3B0-53522E3BFF41}
		{0B0E1546-EF55-37BF-80B7-29CD75DCE09D} = {B1797E7E-53AE-3775-BE01-A42CA35009CD}
		{E0A491C7-D153-3C1F-B0E5-6DD267B42781} = {B1797E7E-53AE-3775-BE01-A42CA35009CD}
	EndGlobalSection
	GlobalSection(ExtensibilityGlobals) = postSolution
		SolutionGuid = {AE75D6CF-0CFB-3083-B176-75E9225CDC04}
	EndGlobalSection
	GlobalSection(ExtensibilityAddIns) = postSolution
	EndGlobalSection
EndGlobal
